// !$*UTF8*$!
{
	archiveVersion = 1;
	classes = {
	};
	objectVersion = 50;
	objects = {

/* Begin PBXBuildFile section */
		123E2DCF24647467006739C8 /* timun.jpg in Resources */ = {isa = PBXBuildFile; fileRef = 123E2DC824647467006739C8 /* timun.jpg */; };
		123E2DD024647467006739C8 /* concert.jpg in Resources */ = {isa = PBXBuildFile; fileRef = 123E2DC924647467006739C8 /* concert.jpg */; };
		123E2DD124647467006739C8 /* train.jpg in Resources */ = {isa = PBXBuildFile; fileRef = 123E2DCA24647467006739C8 /* train.jpg */; };
		123E2DD224647467006739C8 /* girl.jpg in Resources */ = {isa = PBXBuildFile; fileRef = 123E2DCB24647467006739C8 /* girl.jpg */; };
		123E2DD324647467006739C8 /* book.jpg in Resources */ = {isa = PBXBuildFile; fileRef = 123E2DCC24647467006739C8 /* book.jpg */; };
		123E2DD424647467006739C8 /* deadpool.jpg in Resources */ = {isa = PBXBuildFile; fileRef = 123E2DCD24647467006739C8 /* deadpool.jpg */; };
		123E2DD524647467006739C8 /* women.jpg in Resources */ = {isa = PBXBuildFile; fileRef = 123E2DCE24647467006739C8 /* women.jpg */; };
		123E2DDA246477E6006739C8 /* Main.storyboard in Resources */ = {isa = PBXBuildFile; fileRef = 123E2DD6246477E6006739C8 /* Main.storyboard */; };
		123E2DDB246477E6006739C8 /* cropped.mp4 in Resources */ = {isa = PBXBuildFile; fileRef = 123E2DD7246477E6006739C8 /* cropped.mp4 */; };
		123E2DDD246477E6006739C8 /* ARView.swift in Sources */ = {isa = PBXBuildFile; fileRef = 123E2DD9246477E6006739C8 /* ARView.swift */; };
		123E2DDF2464781F006739C8 /* CustomViewController.swift in Sources */ = {isa = PBXBuildFile; fileRef = 123E2DDE2464781F006739C8 /* CustomViewController.swift */; };
		B7394866229F194000C47603 /* AppDelegate.swift in Sources */ = {isa = PBXBuildFile; fileRef = B7394865229F194000C47603 /* AppDelegate.swift */; };
		B7394868229F194000C47603 /* SceneDelegate.swift in Sources */ = {isa = PBXBuildFile; fileRef = B7394867229F194000C47603 /* SceneDelegate.swift */; };
		B739486A229F194000C47603 /* EventDetail.swift in Sources */ = {isa = PBXBuildFile; fileRef = B7394869229F194000C47603 /* EventDetail.swift */; };
		B739486C229F194200C47603 /* Assets.xcassets in Resources */ = {isa = PBXBuildFile; fileRef = B739486B229F194200C47603 /* Assets.xcassets */; };
		B739486F229F194200C47603 /* Preview Assets.xcassets in Resources */ = {isa = PBXBuildFile; fileRef = B739486E229F194200C47603 /* Preview Assets.xcassets */; };
		B7394872229F194200C47603 /* LaunchScreen.storyboard in Resources */ = {isa = PBXBuildFile; fileRef = B7394870229F194200C47603 /* LaunchScreen.storyboard */; };
		B739487A229F1B3F00C47603 /* CircleImage.swift in Sources */ = {isa = PBXBuildFile; fileRef = B7394879229F1B3F00C47603 /* CircleImage.swift */; };
		B739487C229F1B6800C47603 /* MapView.swift in Sources */ = {isa = PBXBuildFile; fileRef = B739487B229F1B6800C47603 /* MapView.swift */; };
		B7394881229F28B900C47603 /* Event.swift in Sources */ = {isa = PBXBuildFile; fileRef = B739487F229F28B900C47603 /* Event.swift */; };
		B7394882229F28B900C47603 /* Data.swift in Sources */ = {isa = PBXBuildFile; fileRef = B7394880229F28B900C47603 /* Data.swift */; };
		B739489B229F292F00C47603 /* eventData.json in Resources */ = {isa = PBXBuildFile; fileRef = B739488E229F292E00C47603 /* eventData.json */; };
		B739489F229F2D9700C47603 /* EventRow.swift in Sources */ = {isa = PBXBuildFile; fileRef = B739489E229F2D9700C47603 /* EventRow.swift */; };
		B73948A1229F2E1F00C47603 /* EventList.swift in Sources */ = {isa = PBXBuildFile; fileRef = B73948A0229F2E1F00C47603 /* EventList.swift */; };
		B7D2AAC5229F4D7C0061E5F5 /* UserData.swift in Sources */ = {isa = PBXBuildFile; fileRef = B7D2AAC4229F4D7C0061E5F5 /* UserData.swift */; };
		B7D587D222A0892C006E8DCF /* Home.swift in Sources */ = {isa = PBXBuildFile; fileRef = B7D587D122A0892C006E8DCF /* Home.swift */; };
		B7D587D422A08965006E8DCF /* CategoryRow.swift in Sources */ = {isa = PBXBuildFile; fileRef = B7D587D322A08965006E8DCF /* CategoryRow.swift */; };
/* End PBXBuildFile section */

/* Begin PBXFileReference section */
		123E2DC824647467006739C8 /* timun.jpg */ = {isa = PBXFileReference; lastKnownFileType = image.jpeg; path = timun.jpg; sourceTree = "<group>"; };
		123E2DC924647467006739C8 /* concert.jpg */ = {isa = PBXFileReference; lastKnownFileType = image.jpeg; path = concert.jpg; sourceTree = "<group>"; };
		123E2DCA24647467006739C8 /* train.jpg */ = {isa = PBXFileReference; lastKnownFileType = image.jpeg; path = train.jpg; sourceTree = "<group>"; };
		123E2DCB24647467006739C8 /* girl.jpg */ = {isa = PBXFileReference; lastKnownFileType = image.jpeg; path = girl.jpg; sourceTree = "<group>"; };
		123E2DCC24647467006739C8 /* book.jpg */ = {isa = PBXFileReference; lastKnownFileType = image.jpeg; path = book.jpg; sourceTree = "<group>"; };
		123E2DCD24647467006739C8 /* deadpool.jpg */ = {isa = PBXFileReference; lastKnownFileType = image.jpeg; path = deadpool.jpg; sourceTree = "<group>"; };
		123E2DCE24647467006739C8 /* women.jpg */ = {isa = PBXFileReference; lastKnownFileType = image.jpeg; path = women.jpg; sourceTree = "<group>"; };
		123E2DD6246477E6006739C8 /* Main.storyboard */ = {isa = PBXFileReference; fileEncoding = 4; lastKnownFileType = file.storyboard; path = Main.storyboard; sourceTree = "<group>"; };
		123E2DD7246477E6006739C8 /* cropped.mp4 */ = {isa = PBXFileReference; lastKnownFileType = file; path = cropped.mp4; sourceTree = "<group>"; };
		123E2DD9246477E6006739C8 /* ARView.swift */ = {isa = PBXFileReference; fileEncoding = 4; lastKnownFileType = sourcecode.swift; path = ARView.swift; sourceTree = "<group>"; };
		123E2DDE2464781F006739C8 /* CustomViewController.swift */ = {isa = PBXFileReference; fileEncoding = 4; lastKnownFileType = sourcecode.swift; path = CustomViewController.swift; sourceTree = "<group>"; };
		1F81038C3765316EB98FA0B4 /* LICENSE.txt */ = {isa = PBXFileReference; includeInIndex = 1; lastKnownFileType = text; path = LICENSE.txt; sourceTree = "<group>"; };
		B7394862229F194000C47603 /* Eventify.app */ = {isa = PBXFileReference; explicitFileType = wrapper.application; includeInIndex = 0; path = Eventify.app; sourceTree = BUILT_PRODUCTS_DIR; };
		B7394865229F194000C47603 /* AppDelegate.swift */ = {isa = PBXFileReference; lastKnownFileType = sourcecode.swift; path = AppDelegate.swift; sourceTree = "<group>"; };
		B7394867229F194000C47603 /* SceneDelegate.swift */ = {isa = PBXFileReference; lastKnownFileType = sourcecode.swift; path = SceneDelegate.swift; sourceTree = "<group>"; };
		B7394869229F194000C47603 /* EventDetail.swift */ = {isa = PBXFileReference; lastKnownFileType = sourcecode.swift; path = EventDetail.swift; sourceTree = "<group>"; };
		B739486B229F194200C47603 /* Assets.xcassets */ = {isa = PBXFileReference; lastKnownFileType = folder.assetcatalog; path = Assets.xcassets; sourceTree = "<group>"; };
		B739486E229F194200C47603 /* Preview Assets.xcassets */ = {isa = PBXFileReference; lastKnownFileType = folder.assetcatalog; path = "Preview Assets.xcassets"; sourceTree = "<group>"; };
		B7394871229F194200C47603 /* Base */ = {isa = PBXFileReference; lastKnownFileType = file.storyboard; name = Base; path = Base.lproj/LaunchScreen.storyboard; sourceTree = "<group>"; };
		B7394873229F194200C47603 /* Info.plist */ = {isa = PBXFileReference; lastKnownFileType = text.plist.xml; path = Info.plist; sourceTree = "<group>"; };
		B7394879229F1B3F00C47603 /* CircleImage.swift */ = {isa = PBXFileReference; lastKnownFileType = sourcecode.swift; path = CircleImage.swift; sourceTree = "<group>"; };
		B739487B229F1B6800C47603 /* MapView.swift */ = {isa = PBXFileReference; lastKnownFileType = sourcecode.swift; path = MapView.swift; sourceTree = "<group>"; };
		B739487F229F28B900C47603 /* Event.swift */ = {isa = PBXFileReference; fileEncoding = 4; lastKnownFileType = sourcecode.swift; path = Event.swift; sourceTree = "<group>"; };
		B7394880229F28B900C47603 /* Data.swift */ = {isa = PBXFileReference; fileEncoding = 4; lastKnownFileType = sourcecode.swift; path = Data.swift; sourceTree = "<group>"; };
		B739488E229F292E00C47603 /* eventData.json */ = {isa = PBXFileReference; fileEncoding = 4; lastKnownFileType = text.json; path = eventData.json; sourceTree = "<group>"; };
		B739489E229F2D9700C47603 /* EventRow.swift */ = {isa = PBXFileReference; lastKnownFileType = sourcecode.swift; name = EventRow.swift; path = "Supporting Views/EventRow.swift"; sourceTree = "<group>"; };
		B73948A0229F2E1F00C47603 /* EventList.swift */ = {isa = PBXFileReference; lastKnownFileType = sourcecode.swift; path = EventList.swift; sourceTree = "<group>"; };
		B7D2AAC4229F4D7C0061E5F5 /* UserData.swift */ = {isa = PBXFileReference; lastKnownFileType = sourcecode.swift; path = UserData.swift; sourceTree = "<group>"; };
		B7D587D122A0892C006E8DCF /* Home.swift */ = {isa = PBXFileReference; lastKnownFileType = sourcecode.swift; path = Home.swift; sourceTree = "<group>"; };
		B7D587D322A08965006E8DCF /* CategoryRow.swift */ = {isa = PBXFileReference; lastKnownFileType = sourcecode.swift; path = CategoryRow.swift; sourceTree = "<group>"; };
/* End PBXFileReference section */

/* Begin PBXFrameworksBuildPhase section */
		B739485F229F194000C47603 /* Frameworks */ = {
			isa = PBXFrameworksBuildPhase;
			buildActionMask = 2147483647;
			files = (
			);
			runOnlyForDeploymentPostprocessing = 0;
		};
/* End PBXFrameworksBuildPhase section */

/* Begin PBXGroup section */
		03B0880034BBF2B47C57B58C /* Configuration */ = {
			isa = PBXGroup;
			children = (
			);
			name = Configuration;
			sourceTree = "<group>";
		};
		8ABA141E4B3C95F4C661AA50 /* LICENSE */ = {
			isa = PBXGroup;
			children = (
				1F81038C3765316EB98FA0B4 /* LICENSE.txt */,
			);
			name = LICENSE;
			path = ../LICENSE;
			sourceTree = "<group>";
		};
		B7394859229F194000C47603 = {
			isa = PBXGroup;
			children = (
				B7394864229F194000C47603 /* Eventify */,
				B7394863229F194000C47603 /* Products */,
				03B0880034BBF2B47C57B58C /* Configuration */,
				8ABA141E4B3C95F4C661AA50 /* LICENSE */,
			);
			sourceTree = "<group>";
		};
		B7394863229F194000C47603 /* Products */ = {
			isa = PBXGroup;
			children = (
				B7394862229F194000C47603 /* Eventify.app */,
			);
			name = Products;
			sourceTree = "<group>";
		};
		B7394864229F194000C47603 /* Eventify */ = {
			isa = PBXGroup;
			children = (
				B739487E229F282200C47603 /* Models */,
				B7394865229F194000C47603 /* AppDelegate.swift */,
				B7394867229F194000C47603 /* SceneDelegate.swift */,
				B7D587D122A0892C006E8DCF /* Home.swift */,
				B7D587D322A08965006E8DCF /* CategoryRow.swift */,
				B73948A0229F2E1F00C47603 /* EventList.swift */,
				123E2DD9246477E6006739C8 /* ARView.swift */,
				123E2DD7246477E6006739C8 /* cropped.mp4 */,
				123E2DD6246477E6006739C8 /* Main.storyboard */,
				B739489E229F2D9700C47603 /* EventRow.swift */,
				123E2DDE2464781F006739C8 /* CustomViewController.swift */,
				B7394869229F194000C47603 /* EventDetail.swift */,
				B739487D229F1C0100C47603 /* Supporting Views */,
				B7394883229F291A00C47603 /* Resources */,
				B739486B229F194200C47603 /* Assets.xcassets */,
				B7394870229F194200C47603 /* LaunchScreen.storyboard */,
				B7394873229F194200C47603 /* Info.plist */,
				B739486D229F194200C47603 /* Preview Content */,
			);
			path = Eventify;
			sourceTree = "<group>";
		};
		B739486D229F194200C47603 /* Preview Content */ = {
			isa = PBXGroup;
			children = (
				B739486E229F194200C47603 /* Preview Assets.xcassets */,
			);
			path = "Preview Content";
			sourceTree = "<group>";
		};
		B739487D229F1C0100C47603 /* Supporting Views */ = {
			isa = PBXGroup;
			children = (
				B7394879229F1B3F00C47603 /* CircleImage.swift */,
				B739487B229F1B6800C47603 /* MapView.swift */,
			);
			path = "Supporting Views";
			sourceTree = "<group>";
		};
		B739487E229F282200C47603 /* Models */ = {
			isa = PBXGroup;
			children = (
				B7394880229F28B900C47603 /* Data.swift */,
				B739487F229F28B900C47603 /* Event.swift */,
				B7D2AAC4229F4D7C0061E5F5 /* UserData.swift */,
			);
			path = Models;
			sourceTree = "<group>";
		};
		B7394883229F291A00C47603 /* Resources */ = {
			isa = PBXGroup;
			children = (
				B739488E229F292E00C47603 /* eventData.json */,
				123E2DCC24647467006739C8 /* book.jpg */,
				123E2DC924647467006739C8 /* concert.jpg */,
				123E2DCD24647467006739C8 /* deadpool.jpg */,
				123E2DCB24647467006739C8 /* girl.jpg */,
				123E2DC824647467006739C8 /* timun.jpg */,
				123E2DCA24647467006739C8 /* train.jpg */,
				123E2DCE24647467006739C8 /* women.jpg */,
			);
			path = Resources;
			sourceTree = "<group>";
		};
/* End PBXGroup section */

/* Begin PBXNativeTarget section */
		B7394861229F194000C47603 /* Eventify */ = {
			isa = PBXNativeTarget;
			buildConfigurationList = B7394876229F194200C47603 /* Build configuration list for PBXNativeTarget "Eventify" */;
			buildPhases = (
				B739485E229F194000C47603 /* Sources */,
				B739485F229F194000C47603 /* Frameworks */,
				B7394860229F194000C47603 /* Resources */,
			);
			buildRules = (
			);
			dependencies = (
			);
			name = Eventify;
			productName = Landmarks;
			productReference = B7394862229F194000C47603 /* Eventify.app */;
			productType = "com.apple.product-type.application";
		};
/* End PBXNativeTarget section */

/* Begin PBXProject section */
		B739485A229F194000C47603 /* Project object */ = {
			isa = PBXProject;
			attributes = {
				LastSwiftUpdateCheck = 1100;
				LastUpgradeCheck = 1100;
				ORGANIZATIONNAME = Apple;
				TargetAttributes = {
					B7394861229F194000C47603 = {
						CreatedOnToolsVersion = 11.0;
					};
				};
			};
			buildConfigurationList = B739485D229F194000C47603 /* Build configuration list for PBXProject "Eventify" */;
			compatibilityVersion = "Xcode 9.3";
			developmentRegion = en;
			hasScannedForEncodings = 0;
			knownRegions = (
				en,
				Base,
			);
			mainGroup = B7394859229F194000C47603;
			productRefGroup = B7394863229F194000C47603 /* Products */;
			projectDirPath = "";
			projectRoot = "";
			targets = (
				B7394861229F194000C47603 /* Eventify */,
			);
		};
/* End PBXProject section */

/* Begin PBXResourcesBuildPhase section */
		B7394860229F194000C47603 /* Resources */ = {
			isa = PBXResourcesBuildPhase;
			buildActionMask = 2147483647;
			files = (
				B7394872229F194200C47603 /* LaunchScreen.storyboard in Resources */,
				123E2DCF24647467006739C8 /* timun.jpg in Resources */,
				123E2DD024647467006739C8 /* concert.jpg in Resources */,
				123E2DDA246477E6006739C8 /* Main.storyboard in Resources */,
				123E2DD424647467006739C8 /* deadpool.jpg in Resources */,
				B739486F229F194200C47603 /* Preview Assets.xcassets in Resources */,
				123E2DD324647467006739C8 /* book.jpg in Resources */,
				123E2DD124647467006739C8 /* train.jpg in Resources */,
				123E2DDB246477E6006739C8 /* cropped.mp4 in Resources */,
				123E2DD224647467006739C8 /* girl.jpg in Resources */,
				123E2DD524647467006739C8 /* women.jpg in Resources */,
				B739486C229F194200C47603 /* Assets.xcassets in Resources */,
				B739489B229F292F00C47603 /* eventData.json in Resources */,
			);
			runOnlyForDeploymentPostprocessing = 0;
		};
/* End PBXResourcesBuildPhase section */

/* Begin PBXSourcesBuildPhase section */
		B739485E229F194000C47603 /* Sources */ = {
			isa = PBXSourcesBuildPhase;
			buildActionMask = 2147483647;
			files = (
				B7394882229F28B900C47603 /* Data.swift in Sources */,
				123E2DDF2464781F006739C8 /* CustomViewController.swift in Sources */,
				123E2DDD246477E6006739C8 /* ARView.swift in Sources */,
				B7394866229F194000C47603 /* AppDelegate.swift in Sources */,
				B7D587D422A08965006E8DCF /* CategoryRow.swift in Sources */,
				B739487A229F1B3F00C47603 /* CircleImage.swift in Sources */,
				B739487C229F1B6800C47603 /* MapView.swift in Sources */,
				B73948A1229F2E1F00C47603 /* EventList.swift in Sources */,
				B7D587D222A0892C006E8DCF /* Home.swift in Sources */,
				B7394868229F194000C47603 /* SceneDelegate.swift in Sources */,
				B739486A229F194000C47603 /* EventDetail.swift in Sources */,
				B739489F229F2D9700C47603 /* EventRow.swift in Sources */,
				B7D2AAC5229F4D7C0061E5F5 /* UserData.swift in Sources */,
				B7394881229F28B900C47603 /* Event.swift in Sources */,
			);
			runOnlyForDeploymentPostprocessing = 0;
		};
/* End PBXSourcesBuildPhase section */

/* Begin PBXVariantGroup section */
		B7394870229F194200C47603 /* LaunchScreen.storyboard */ = {
			isa = PBXVariantGroup;
			children = (
				B7394871229F194200C47603 /* Base */,
			);
			name = LaunchScreen.storyboard;
			sourceTree = "<group>";
		};
/* End PBXVariantGroup section */

/* Begin XCBuildConfiguration section */
		B7394874229F194200C47603 /* Debug */ = {
			isa = XCBuildConfiguration;
			buildSettings = {
				ALWAYS_SEARCH_USER_PATHS = NO;
				CLANG_ANALYZER_NONNULL = YES;
				CLANG_ANALYZER_NUMBER_OBJECT_CONVERSION = YES_AGGRESSIVE;
				CLANG_CXX_LANGUAGE_STANDARD = "gnu++14";
				CLANG_CXX_LIBRARY = "libc++";
				CLANG_ENABLE_MODULES = YES;
				CLANG_ENABLE_OBJC_ARC = YES;
				CLANG_ENABLE_OBJC_WEAK = YES;
				CLANG_WARN_BLOCK_CAPTURE_AUTORELEASING = YES;
				CLANG_WARN_BOOL_CONVERSION = YES;
				CLANG_WARN_COMMA = YES;
				CLANG_WARN_CONSTANT_CONVERSION = YES;
				CLANG_WARN_DEPRECATED_OBJC_IMPLEMENTATIONS = YES;
				CLANG_WARN_DIRECT_OBJC_ISA_USAGE = YES_ERROR;
				CLANG_WARN_DOCUMENTATION_COMMENTS = YES;
				CLANG_WARN_EMPTY_BODY = YES;
				CLANG_WARN_ENUM_CONVERSION = YES;
				CLANG_WARN_INFINITE_RECURSION = YES;
				CLANG_WARN_INT_CONVERSION = YES;
				CLANG_WARN_NON_LITERAL_NULL_CONVERSION = YES;
				CLANG_WARN_OBJC_IMPLICIT_RETAIN_SELF = YES;
				CLANG_WARN_OBJC_LITERAL_CONVERSION = YES;
				CLANG_WARN_OBJC_ROOT_CLASS = YES_ERROR;
				CLANG_WARN_RANGE_LOOP_ANALYSIS = YES;
				CLANG_WARN_STRICT_PROTOTYPES = YES;
				CLANG_WARN_SUSPICIOUS_MOVE = YES;
				CLANG_WARN_UNGUARDED_AVAILABILITY = YES_AGGRESSIVE;
				CLANG_WARN_UNREACHABLE_CODE = YES;
				CLANG_WARN__DUPLICATE_METHOD_MATCH = YES;
				COPY_PHASE_STRIP = NO;
				DEBUG_INFORMATION_FORMAT = dwarf;
				ENABLE_STRICT_OBJC_MSGSEND = YES;
				ENABLE_TESTABILITY = YES;
				GCC_C_LANGUAGE_STANDARD = gnu11;
				GCC_DYNAMIC_NO_PIC = NO;
				GCC_NO_COMMON_BLOCKS = YES;
				GCC_OPTIMIZATION_LEVEL = 0;
				GCC_PREPROCESSOR_DEFINITIONS = (
					"DEBUG=1",
					"$(inherited)",
				);
				GCC_WARN_64_TO_32_BIT_CONVERSION = YES;
				GCC_WARN_ABOUT_RETURN_TYPE = YES_ERROR;
				GCC_WARN_UNDECLARED_SELECTOR = YES;
				GCC_WARN_UNINITIALIZED_AUTOS = YES_AGGRESSIVE;
				GCC_WARN_UNUSED_FUNCTION = YES;
				GCC_WARN_UNUSED_VARIABLE = YES;
				IPHONEOS_DEPLOYMENT_TARGET = 13.0;
				MTL_ENABLE_DEBUG_INFO = INCLUDE_SOURCE;
				MTL_FAST_MATH = YES;
				ONLY_ACTIVE_ARCH = YES;
				SDKROOT = iphoneos;
				SWIFT_ACTIVE_COMPILATION_CONDITIONS = DEBUG;
				SWIFT_OPTIMIZATION_LEVEL = "-Onone";
			};
			name = Debug;
		};
		B7394875229F194200C47603 /* Release */ = {
			isa = XCBuildConfiguration;
			buildSettings = {
				ALWAYS_SEARCH_USER_PATHS = NO;
				CLANG_ANALYZER_NONNULL = YES;
				CLANG_ANALYZER_NUMBER_OBJECT_CONVERSION = YES_AGGRESSIVE;
				CLANG_CXX_LANGUAGE_STANDARD = "gnu++14";
				CLANG_CXX_LIBRARY = "libc++";
				CLANG_ENABLE_MODULES = YES;
				CLANG_ENABLE_OBJC_ARC = YES;
				CLANG_ENABLE_OBJC_WEAK = YES;
				CLANG_WARN_BLOCK_CAPTURE_AUTORELEASING = YES;
				CLANG_WARN_BOOL_CONVERSION = YES;
				CLANG_WARN_COMMA = YES;
				CLANG_WARN_CONSTANT_CONVERSION = YES;
				CLANG_WARN_DEPRECATED_OBJC_IMPLEMENTATIONS = YES;
				CLANG_WARN_DIRECT_OBJC_ISA_USAGE = YES_ERROR;
				CLANG_WARN_DOCUMENTATION_COMMENTS = YES;
				CLANG_WARN_EMPTY_BODY = YES;
				CLANG_WARN_ENUM_CONVERSION = YES;
				CLANG_WARN_INFINITE_RECURSION = YES;
				CLANG_WARN_INT_CONVERSION = YES;
				CLANG_WARN_NON_LITERAL_NULL_CONVERSION = YES;
				CLANG_WARN_OBJC_IMPLICIT_RETAIN_SELF = YES;
				CLANG_WARN_OBJC_LITERAL_CONVERSION = YES;
				CLANG_WARN_OBJC_ROOT_CLASS = YES_ERROR;
				CLANG_WARN_RANGE_LOOP_ANALYSIS = YES;
				CLANG_WARN_STRICT_PROTOTYPES = YES;
				CLANG_WARN_SUSPICIOUS_MOVE = YES;
				CLANG_WARN_UNGUARDED_AVAILABILITY = YES_AGGRESSIVE;
				CLANG_WARN_UNREACHABLE_CODE = YES;
				CLANG_WARN__DUPLICATE_METHOD_MATCH = YES;
				COPY_PHASE_STRIP = NO;
				DEBUG_INFORMATION_FORMAT = "dwarf-with-dsym";
				ENABLE_NS_ASSERTIONS = NO;
				ENABLE_STRICT_OBJC_MSGSEND = YES;
				GCC_C_LANGUAGE_STANDARD = gnu11;
				GCC_NO_COMMON_BLOCKS = YES;
				GCC_WARN_64_TO_32_BIT_CONVERSION = YES;
				GCC_WARN_ABOUT_RETURN_TYPE = YES_ERROR;
				GCC_WARN_UNDECLARED_SELECTOR = YES;
				GCC_WARN_UNINITIALIZED_AUTOS = YES_AGGRESSIVE;
				GCC_WARN_UNUSED_FUNCTION = YES;
				GCC_WARN_UNUSED_VARIABLE = YES;
				IPHONEOS_DEPLOYMENT_TARGET = 13.0;
				MTL_ENABLE_DEBUG_INFO = NO;
				MTL_FAST_MATH = YES;
				SDKROOT = iphoneos;
				SWIFT_COMPILATION_MODE = wholemodule;
				SWIFT_OPTIMIZATION_LEVEL = "-O";
				VALIDATE_PRODUCT = YES;
			};
			name = Release;
		};
		B7394877229F194200C47603 /* Debug */ = {
			isa = XCBuildConfiguration;
			buildSettings = {
				ASSETCATALOG_COMPILER_APPICON_NAME = AppIcon;
				CODE_SIGN_STYLE = Automatic;
				DEVELOPMENT_ASSET_PATHS = "Eventify/Preview\\ Content";
				DEVELOPMENT_TEAM = CD767LF24X;
				ENABLE_PREVIEWS = YES;
				INFOPLIST_FILE = "$(SRCROOT)/Eventify/Info.plist";
				LD_RUNPATH_SEARCH_PATHS = (
					"$(inherited)",
					"@executable_path/Frameworks",
				);
				PRODUCT_BUNDLE_IDENTIFIER = com.otajonruzimov.Eventify1;
				PRODUCT_NAME = "$(TARGET_NAME)";
				PROVISIONING_PROFILE_SPECIFIER = "";
				SWIFT_VERSION = 5.0;
				TARGETED_DEVICE_FAMILY = "1,2";
			};
			name = Debug;
		};
		B7394878229F194200C47603 /* Release */ = {
			isa = XCBuildConfiguration;
			buildSettings = {
				ASSETCATALOG_COMPILER_APPICON_NAME = AppIcon;
				CODE_SIGN_STYLE = Automatic;
				DEVELOPMENT_ASSET_PATHS = "Eventify/Preview\\ Content";
				DEVELOPMENT_TEAM = CD767LF24X;
				ENABLE_PREVIEWS = YES;
				INFOPLIST_FILE = "$(SRCROOT)/Eventify/Info.plist";
				LD_RUNPATH_SEARCH_PATHS = (
					"$(inherited)",
					"@executable_path/Frameworks",
				);
				PRODUCT_BUNDLE_IDENTIFIER = com.otajonruzimov.Eventify1;
				PRODUCT_NAME = "$(TARGET_NAME)";
				PROVISIONING_PROFILE_SPECIFIER = "";
				SWIFT_VERSION = 5.0;
				TARGETED_DEVICE_FAMILY = "1,2";
			};
			name = Release;
		};
/* End XCBuildConfiguration section */

/* Begin XCConfigurationList section */
		B739485D229F194000C47603 /* Build configuration list for PBXProject "Eventify" */ = {
			isa = XCConfigurationList;
			buildConfigurations = (
				B7394874229F194200C47603 /* Debug */,
				B7394875229F194200C47603 /* Release */,
			);
			defaultConfigurationIsVisible = 0;
			defaultConfigurationName = Release;
		};
		B7394876229F194200C47603 /* Build configuration list for PBXNativeTarget "Eventify" */ = {
			isa = XCConfigurationList;
			buildConfigurations = (
				B7394877229F194200C47603 /* Debug */,
				B7394878229F194200C47603 /* Release */,
			);
			defaultConfigurationIsVisible = 0;
			defaultConfigurationName = Release;
		};
/* End XCConfigurationList section */
	};
	rootObject = B739485A229F194000C47603 /* Project object */;
}
